
Microsoft Visual Studio Solution File, Format Version 12.00
# Visual Studio Version 16
VisualStudioVersion = 16.0.31129.286
MinimumVisualStudioVersion = 10.0.40219.1
Project("{FAE04EC0-301F-11D3-BF4B-00C04F79EFBC}") = "Calculadora.ConsoleApp", "Calculadora.ConsoleApp\Calculadora.ConsoleApp.csproj", "{BFD00CEC-4EEB-4A9F-B8F9-B79D245FCE70}"
EndProject
Global
	GlobalSection(SolutionConfigurationPlatforms) = preSolution
		Debug|Any CPU = Debug|Any CPU
		Release|Any CPU = Release|Any CPU
	EndGlobalSection
	GlobalSection(ProjectConfigurationPlatforms) = postSolution
		{BFD00CEC-4EEB-4A9F-B8F9-B79D245FCE70}.Debug|Any CPU.ActiveCfg = Debug|Any CPU
		{BFD00CEC-4EEB-4A9F-B8F9-B79D245FCE70}.Debug|Any CPU.Build.0 = Debug|Any CPU
		{BFD00CEC-4EEB-4A9F-B8F9-B79D245FCE70}.Release|Any CPU.ActiveCfg = Release|Any CPU
		{BFD00CEC-4EEB-4A9F-B8F9-B79D245FCE70}.Release|Any CPU.Build.0 = Release|Any CPU
	EndGlobalSection
	GlobalSection(SolutionProperties) = preSolution
		HideSolutionNode = FALSE
	EndGlobalSection
	GlobalSection(ExtensibilityGlobals) = postSolution
		SolutionGuid = {7EF47BDB-95BF-4F0F-A28C-F8ED2BCB0DBA}
	EndGlobalSection
EndGlobal
